
Microsoft Visual Studio Solution File, Format Version 12.00
# Visual Studio Version 17
VisualStudioVersion = 17.8.34322.80
MinimumVisualStudioVersion = 10.0.40219.1
Project("{FAE04EC0-301F-11D3-BF4B-00C04F79EFBC}") = "RestauranteMaMonolitica.Web", "RestauranteMaMonolitica.Web\RestauranteMaMonolitica.Web.csproj", "{F25D6375-5CF4-4660-BC79-171C89882EAC}"
EndProject
Global
	GlobalSection(SolutionConfigurationPlatforms) = preSolution
		Debug|Any CPU = Debug|Any CPU
		Release|Any CPU = Release|Any CPU
	EndGlobalSection
	GlobalSection(ProjectConfigurationPlatforms) = postSolution
		{F25D6375-5CF4-4660-BC79-171C89882EAC}.Debug|Any CPU.ActiveCfg = Debug|Any CPU
		{F25D6375-5CF4-4660-BC79-171C89882EAC}.Debug|Any CPU.Build.0 = Debug|Any CPU
		{F25D6375-5CF4-4660-BC79-171C89882EAC}.Release|Any CPU.ActiveCfg = Release|Any CPU
		{F25D6375-5CF4-4660-BC79-171C89882EAC}.Release|Any CPU.Build.0 = Release|Any CPU
	EndGlobalSection
	GlobalSection(SolutionProperties) = preSolution
		HideSolutionNode = FALSE
	EndGlobalSection
	GlobalSection(ExtensibilityGlobals) = postSolution
		SolutionGuid = {37BC9E48-5A95-43F0-A680-B91FA0C1A20F}
	EndGlobalSection
EndGlobal
